
Microsoft Visual Studio Solution File, Format Version 12.00
# Visual Studio Version 16
VisualStudioVersion = 16.0.30709.64
MinimumVisualStudioVersion = 10.0.40219.1
Project("{8BC9CEB8-8B4A-11D0-8D11-00A0C91BC942}") = "legit-cheat", "legit-cheat\legit-cheat.vcxproj", "{1EE31BC0-CC92-4DC8-BA2C-A6D5161D56E8}"
EndProject
Global
	GlobalSection(SolutionConfigurationPlatforms) = preSolution
		Debug|x64 = Debug|x64
		Debug|x86 = Debug|x86
		Release|x64 = Release|x64
		Release|x86 = Release|x86
	EndGlobalSection
	GlobalSection(ProjectConfigurationPlatforms) = postSolution
		{1EE31BC0-CC92-4DC8-BA2C-A6D5161D56E8}.Debug|x64.ActiveCfg = Debug|x64
		{1EE31BC0-CC92-4DC8-BA2C-A6D5161D56E8}.Debug|x64.Build.0 = Debug|x64
		{1EE31BC0-CC92-4DC8-BA2C-A6D5161D56E8}.Debug|x86.ActiveCfg = Debug|Win32
		{1EE31BC0-CC92-4DC8-BA2C-A6D5161D56E8}.Debug|x86.Build.0 = Debug|Win32
		{1EE31BC0-CC92-4DC8-BA2C-A6D5161D56E8}.Release|x64.ActiveCfg = Release|x64
		{1EE31BC0-CC92-4DC8-BA2C-A6D5161D56E8}.Release|x64.Build.0 = Release|x64
		{1EE31BC0-CC92-4DC8-BA2C-A6D5161D56E8}.Release|x86.ActiveCfg = Release|Win32
		{1EE31BC0-CC92-4DC8-BA2C-A6D5161D56E8}.Release|x86.Build.0 = Release|Win32
	EndGlobalSection
	GlobalSection(SolutionProperties) = preSolution
		HideSolutionNode = FALSE
	EndGlobalSection
	GlobalSection(ExtensibilityGlobals) = postSolution
		SolutionGuid = {1B59C5B4-068D-470D-846B-2D61DE624B92}
	EndGlobalSection
EndGlobal
